
Microsoft Visual Studio Solution File, Format Version 12.00
# Visual Studio Version 17
VisualStudioVersion = 17.12.35506.116 d17.12
MinimumVisualStudioVersion = 10.0.40219.1
Project("{FAE04EC0-301F-11D3-BF4B-00C04F79EFBC}") = "Phone src1", "Phone src1.csproj", "{1291ADD9-D0EA-43A0-ADE5-020C623794FA}"
EndProject
Global
	GlobalSection(SolutionConfigurationPlatforms) = preSolution
		Debug|Any CPU = Debug|Any CPU
		Release|Any CPU = Release|Any CPU
	EndGlobalSection
	GlobalSection(ProjectConfigurationPlatforms) = postSolution
		{1291ADD9-D0EA-43A0-ADE5-020C623794FA}.Debug|Any CPU.ActiveCfg = Debug|Any CPU
		{1291ADD9-D0EA-43A0-ADE5-020C623794FA}.Debug|Any CPU.Build.0 = Debug|Any CPU
		{1291ADD9-D0EA-43A0-ADE5-020C623794FA}.Release|Any CPU.ActiveCfg = Release|Any CPU
		{1291ADD9-D0EA-43A0-ADE5-020C623794FA}.Release|Any CPU.Build.0 = Release|Any CPU
	EndGlobalSection
	GlobalSection(SolutionProperties) = preSolution
		HideSolutionNode = FALSE
	EndGlobalSection
EndGlobal
